
Microsoft Visual Studio Solution File, Format Version 12.00
# Visual Studio 14
VisualStudioVersion = 14.0.25420.1
MinimumVisualStudioVersion = 10.0.40219.1
Project("{FAE04EC0-301F-11D3-BF4B-00C04F79EFBC}") = "Echri3endy_Web", "Echri3endy_Web\Echri3endy_Web.csproj", "{FCD067CF-0936-4F81-BC2C-17274AEE8170}"
EndProject
Global
	GlobalSection(SolutionConfigurationPlatforms) = preSolution
		Debug|Any CPU = Debug|Any CPU
		Release|Any CPU = Release|Any CPU
	EndGlobalSection
	GlobalSection(ProjectConfigurationPlatforms) = postSolution
		{FCD067CF-0936-4F81-BC2C-17274AEE8170}.Debug|Any CPU.ActiveCfg = Debug|Any CPU
		{FCD067CF-0936-4F81-BC2C-17274AEE8170}.Debug|Any CPU.Build.0 = Debug|Any CPU
		{FCD067CF-0936-4F81-BC2C-17274AEE8170}.Release|Any CPU.ActiveCfg = Release|Any CPU
		{FCD067CF-0936-4F81-BC2C-17274AEE8170}.Release|Any CPU.Build.0 = Release|Any CPU
	EndGlobalSection
	GlobalSection(SolutionProperties) = preSolution
		HideSolutionNode = FALSE
	EndGlobalSection
EndGlobal
